// !$*UTF8*$!
{
	archiveVersion = 1;
	classes = {
	};
	objectVersion = 56;
	objects = {

/* Begin PBXBuildFile section */
		7A1A1E962B570C0B00F4C98C /* AppDelegate.swift in Sources */ = {isa = PBXBuildFile; fileRef = 7A1A1E952B570C0B00F4C98C /* AppDelegate.swift */; };
		7A1A1E982B570C0B00F4C98C /* SceneDelegate.swift in Sources */ = {isa = PBXBuildFile; fileRef = 7A1A1E972B570C0B00F4C98C /* SceneDelegate.swift */; };
		7A1A1E9A2B570C0B00F4C98C /* ViewController.swift in Sources */ = {isa = PBXBuildFile; fileRef = 7A1A1E992B570C0B00F4C98C /* ViewController.swift */; };
		7A1A1E9D2B570C0C00F4C98C /* Main.storyboard in Resources */ = {isa = PBXBuildFile; fileRef = 7A1A1E9B2B570C0C00F4C98C /* Main.storyboard */; };
		7A1A1E9F2B570C0E00F4C98C /* Assets.xcassets in Resources */ = {isa = PBXBuildFile; fileRef = 7A1A1E9E2B570C0E00F4C98C /* Assets.xcassets */; };
		7A1A1EA22B570C0E00F4C98C /* LaunchScreen.storyboard in Resources */ = {isa = PBXBuildFile; fileRef = 7A1A1EA02B570C0E00F4C98C /* LaunchScreen.storyboard */; };
		7A1A1EAD2B570C0F00F4C98C /* ass1Tests.swift in Sources */ = {isa = PBXBuildFile; fileRef = 7A1A1EAC2B570C0F00F4C98C /* ass1Tests.swift */; };
		7A1A1EB72B570C0F00F4C98C /* ass1UITests.swift in Sources */ = {isa = PBXBuildFile; fileRef = 7A1A1EB62B570C0F00F4C98C /* ass1UITests.swift */; };
		7A1A1EB92B570C0F00F4C98C /* ass1UITestsLaunchTests.swift in Sources */ = {isa = PBXBuildFile; fileRef = 7A1A1EB82B570C0F00F4C98C /* ass1UITestsLaunchTests.swift */; };
/* End PBXBuildFile section */

/* Begin PBXContainerItemProxy section */
		7A1A1EA92B570C0F00F4C98C /* PBXContainerItemProxy */ = {
			isa = PBXContainerItemProxy;
			containerPortal = 7A1A1E8A2B570C0B00F4C98C /* Project object */;
			proxyType = 1;
			remoteGlobalIDString = 7A1A1E912B570C0B00F4C98C;
			remoteInfo = ass1;
		};
		7A1A1EB32B570C0F00F4C98C /* PBXContainerItemProxy */ = {
			isa = PBXContainerItemProxy;
			containerPortal = 7A1A1E8A2B570C0B00F4C98C /* Project object */;
			proxyType = 1;
			remoteGlobalIDString = 7A1A1E912B570C0B00F4C98C;
			remoteInfo = ass1;
		};
/* End PBXContainerItemProxy section */

/* Begin PBXFileReference section */
		7A1A1E922B570C0B00F4C98C /* ass1.app */ = {isa = PBXFileReference; explicitFileType = wrapper.application; includeInIndex = 0; path = ass1.app; sourceTree = BUILT_PRODUCTS_DIR; };
		7A1A1E952B570C0B00F4C98C /* AppDelegate.swift */ = {isa = PBXFileReference; lastKnownFileType = sourcecode.swift; path = AppDelegate.swift; sourceTree = "<group>"; };
		7A1A1E972B570C0B00F4C98C /* SceneDelegate.swift */ = {isa = PBXFileReference; lastKnownFileType = sourcecode.swift; path = SceneDelegate.swift; sourceTree = "<group>"; };
		7A1A1E992B570C0B00F4C98C /* ViewController.swift */ = {isa = PBXFileReference; lastKnownFileType = sourcecode.swift; path = ViewController.swift; sourceTree = "<group>"; };
		7A1A1E9C2B570C0C00F4C98C /* Base */ = {isa = PBXFileReference; lastKnownFileType = file.storyboard; name = Base; path = Base.lproj/Main.storyboard; sourceTree = "<group>"; };
		7A1A1E9E2B570C0E00F4C98C /* Assets.xcassets */ = {isa = PBXFileReference; lastKnownFileType = folder.assetcatalog; path = Assets.xcassets; sourceTree = "<group>"; };
		7A1A1EA12B570C0E00F4C98C /* Base */ = {isa = PBXFileReference; lastKnownFileType = file.storyboard; name = Base; path = Base.lproj/LaunchScreen.storyboard; sourceTree = "<group>"; };
		7A1A1EA32B570C0E00F4C98C /* Info.plist */ = {isa = PBXFileReference; lastKnownFileType = text.plist.xml; path = Info.plist; sourceTree = "<group>"; };
		7A1A1EA82B570C0F00F4C98C /* ass1Tests.xctest */ = {isa = PBXFileReference; explicitFileType = wrapper.cfbundle; includeInIndex = 0; path = ass1Tests.xctest; sourceTree = BUILT_PRODUCTS_DIR; };
		7A1A1EAC2B570C0F00F4C98C /* ass1Tests.swift */ = {isa = PBXFileReference; lastKnownFileType = sourcecode.swift; path = ass1Tests.swift; sourceTree = "<group>"; };
		7A1A1EB22B570C0F00F4C98C /* ass1UITests.xctest */ = {isa = PBXFileReference; explicitFileType = wrapper.cfbundle; includeInIndex = 0; path = ass1UITests.xctest; sourceTree = BUILT_PRODUCTS_DIR; };
		7A1A1EB62B570C0F00F4C98C /* ass1UITests.swift */ = {isa = PBXFileReference; lastKnownFileType = sourcecode.swift; path = ass1UITests.swift; sourceTree = "<group>"; };
		7A1A1EB82B570C0F00F4C98C /* ass1UITestsLaunchTests.swift */ = {isa = PBXFileReference; lastKnownFileType = sourcecode.swift; path = ass1UITestsLaunchTests.swift; sourceTree = "<group>"; };
/* End PBXFileReference section */

/* Begin PBXFrameworksBuildPhase section */
		7A1A1E8F2B570C0B00F4C98C /* Frameworks */ = {
			isa = PBXFrameworksBuildPhase;
			buildActionMask = 2147483647;
			files = (
			);
			runOnlyForDeploymentPostprocessing = 0;
		};
		7A1A1EA52B570C0F00F4C98C /* Frameworks */ = {
			isa = PBXFrameworksBuildPhase;
			buildActionMask = 2147483647;
			files = (
			);
			runOnlyForDeploymentPostprocessing = 0;
		};
		7A1A1EAF2B570C0F00F4C98C /* Frameworks */ = {
			isa = PBXFrameworksBuildPhase;
			buildActionMask = 2147483647;
			files = (
			);
			runOnlyForDeploymentPostprocessing = 0;
		};
/* End PBXFrameworksBuildPhase section */

/* Begin PBXGroup section */
		7A1A1E892B570C0B00F4C98C = {
			isa = PBXGroup;
			children = (
				7A1A1E942B570C0B00F4C98C /* ass1 */,
				7A1A1EAB2B570C0F00F4C98C /* ass1Tests */,
				7A1A1EB52B570C0F00F4C98C /* ass1UITests */,
				7A1A1E932B570C0B00F4C98C /* Products */,
			);
			sourceTree = "<group>";
		};
		7A1A1E932B570C0B00F4C98C /* Products */ = {
			isa = PBXGroup;
			children = (
				7A1A1E922B570C0B00F4C98C /* ass1.app */,
				7A1A1EA82B570C0F00F4C98C /* ass1Tests.xctest */,
				7A1A1EB22B570C0F00F4C98C /* ass1UITests.xctest */,
			);
			name = Products;
			sourceTree = "<group>";
		};
		7A1A1E942B570C0B00F4C98C /* ass1 */ = {
			isa = PBXGroup;
			children = (
				7A1A1E952B570C0B00F4C98C /* AppDelegate.swift */,
				7A1A1E972B570C0B00F4C98C /* SceneDelegate.swift */,
				7A1A1E992B570C0B00F4C98C /* ViewController.swift */,
				7A1A1E9B2B570C0C00F4C98C /* Main.storyboard */,
				7A1A1E9E2B570C0E00F4C98C /* Assets.xcassets */,
				7A1A1EA02B570C0E00F4C98C /* LaunchScreen.storyboard */,
				7A1A1EA32B570C0E00F4C98C /* Info.plist */,
			);
			path = ass1;
			sourceTree = "<group>";
		};
		7A1A1EAB2B570C0F00F4C98C /* ass1Tests */ = {
			isa = PBXGroup;
			children = (
				7A1A1EAC2B570C0F00F4C98C /* ass1Tests.swift */,
			);
			path = ass1Tests;
			sourceTree = "<group>";
		};
		7A1A1EB52B570C0F00F4C98C /* ass1UITests */ = {
			isa = PBXGroup;
			children = (
				7A1A1EB62B570C0F00F4C98C /* ass1UITests.swift */,
				7A1A1EB82B570C0F00F4C98C /* ass1UITestsLaunchTests.swift */,
			);
			path = ass1UITests;
			sourceTree = "<group>";
		};
/* End PBXGroup section */

/* Begin PBXNativeTarget section */
		7A1A1E912B570C0B00F4C98C /* ass1 */ = {
			isa = PBXNativeTarget;
			buildConfigurationList = 7A1A1EBC2B570C0F00F4C98C /* Build configuration list for PBXNativeTarget "ass1" */;
			buildPhases = (
				7A1A1E8E2B570C0B00F4C98C /* Sources */,
				7A1A1E8F2B570C0B00F4C98C /* Frameworks */,
				7A1A1E902B570C0B00F4C98C /* Resources */,
			);
			buildRules = (
			);
			dependencies = (
			);
			name = ass1;
			productName = ass1;
			productReference = 7A1A1E922B570C0B00F4C98C /* ass1.app */;
			productType = "com.apple.product-type.application";
		};
		7A1A1EA72B570C0F00F4C98C /* ass1Tests */ = {
			isa = PBXNativeTarget;
			buildConfigurationList = 7A1A1EBF2B570C0F00F4C98C /* Build configuration list for PBXNativeTarget "ass1Tests" */;
			buildPhases = (
				7A1A1EA42B570C0F00F4C98C /* Sources */,
				7A1A1EA52B570C0F00F4C98C /* Frameworks */,
				7A1A1EA62B570C0F00F4C98C /* Resources */,
			);
			buildRules = (
			);
			dependencies = (
				7A1A1EAA2B570C0F00F4C98C /* PBXTargetDependency */,
			);
			name = ass1Tests;
			productName = ass1Tests;
			productReference = 7A1A1EA82B570C0F00F4C98C /* ass1Tests.xctest */;
			productType = "com.apple.product-type.bundle.unit-test";
		};
		7A1A1EB12B570C0F00F4C98C /* ass1UITests */ = {
			isa = PBXNativeTarget;
			buildConfigurationList = 7A1A1EC22B570C0F00F4C98C /* Build configuration list for PBXNativeTarget "ass1UITests" */;
			buildPhases = (
				7A1A1EAE2B570C0F00F4C98C /* Sources */,
				7A1A1EAF2B570C0F00F4C98C /* Frameworks */,
				7A1A1EB02B570C0F00F4C98C /* Resources */,
			);
			buildRules = (
			);
			dependencies = (
				7A1A1EB42B570C0F00F4C98C /* PBXTargetDependency */,
			);
			name = ass1UITests;
			productName = ass1UITests;
			productReference = 7A1A1EB22B570C0F00F4C98C /* ass1UITests.xctest */;
			productType = "com.apple.product-type.bundle.ui-testing";
		};
/* End PBXNativeTarget section */

/* Begin PBXProject section */
		7A1A1E8A2B570C0B00F4C98C /* Project object */ = {
			isa = PBXProject;
			attributes = {
				BuildIndependentTargetsInParallel = 1;
				LastSwiftUpdateCheck = 1520;
				LastUpgradeCheck = 1520;
				TargetAttributes = {
					7A1A1E912B570C0B00F4C98C = {
						CreatedOnToolsVersion = 15.2;
					};
					7A1A1EA72B570C0F00F4C98C = {
						CreatedOnToolsVersion = 15.2;
						TestTargetID = 7A1A1E912B570C0B00F4C98C;
					};
					7A1A1EB12B570C0F00F4C98C = {
						CreatedOnToolsVersion = 15.2;
						TestTargetID = 7A1A1E912B570C0B00F4C98C;
					};
				};
			};
			buildConfigurationList = 7A1A1E8D2B570C0B00F4C98C /* Build configuration list for PBXProject "ass1" */;
			compatibilityVersion = "Xcode 14.0";
			developmentRegion = en;
			hasScannedForEncodings = 0;
			knownRegions = (
				en,
				Base,
			);
			mainGroup = 7A1A1E892B570C0B00F4C98C;
			productRefGroup = 7A1A1E932B570C0B00F4C98C /* Products */;
			projectDirPath = "";
			projectRoot = "";
			targets = (
				7A1A1E912B570C0B00F4C98C /* ass1 */,
				7A1A1EA72B570C0F00F4C98C /* ass1Tests */,
				7A1A1EB12B570C0F00F4C98C /* ass1UITests */,
			);
		};
/* End PBXProject section */

/* Begin PBXResourcesBuildPhase section */
		7A1A1E902B570C0B00F4C98C /* Resources */ = {
			isa = PBXResourcesBuildPhase;
			buildActionMask = 2147483647;
			files = (
				7A1A1EA22B570C0E00F4C98C /* LaunchScreen.storyboard in Resources */,
				7A1A1E9F2B570C0E00F4C98C /* Assets.xcassets in Resources */,
				7A1A1E9D2B570C0C00F4C98C /* Main.storyboard in Resources */,
			);
			runOnlyForDeploymentPostprocessing = 0;
		};
		7A1A1EA62B570C0F00F4C98C /* Resources */ = {
			isa = PBXResourcesBuildPhase;
			buildActionMask = 2147483647;
			files = (
			);
			runOnlyForDeploymentPostprocessing = 0;
		};
		7A1A1EB02B570C0F00F4C98C /* Resources */ = {
			isa = PBXResourcesBuildPhase;
			buildActionMask = 2147483647;
			files = (
			);
			runOnlyForDeploymentPostprocessing = 0;
		};
/* End PBXResourcesBuildPhase section */

/* Begin PBXSourcesBuildPhase section */
		7A1A1E8E2B570C0B00F4C98C /* Sources */ = {
			isa = PBXSourcesBuildPhase;
			buildActionMask = 2147483647;
			files = (
				7A1A1E9A2B570C0B00F4C98C /* ViewController.swift in Sources */,
				7A1A1E962B570C0B00F4C98C /* AppDelegate.swift in Sources */,
				7A1A1E982B570C0B00F4C98C /* SceneDelegate.swift in Sources */,
			);
			runOnlyForDeploymentPostprocessing = 0;
		};
		7A1A1EA42B570C0F00F4C98C /* Sources */ = {
			isa = PBXSourcesBuildPhase;
			buildActionMask = 2147483647;
			files = (
				7A1A1EAD2B570C0F00F4C98C /* ass1Tests.swift in Sources */,
			);
			runOnlyForDeploymentPostprocessing = 0;
		};
		7A1A1EAE2B570C0F00F4C98C /* Sources */ = {
			isa = PBXSourcesBuildPhase;
			buildActionMask = 2147483647;
			files = (
				7A1A1EB92B570C0F00F4C98C /* ass1UITestsLaunchTests.swift in Sources */,
				7A1A1EB72B570C0F00F4C98C /* ass1UITests.swift in Sources */,
			);
			runOnlyForDeploymentPostprocessing = 0;
		};
/* End PBXSourcesBuildPhase section */

/* Begin PBXTargetDependency section */
		7A1A1EAA2B570C0F00F4C98C /* PBXTargetDependency */ = {
			isa = PBXTargetDependency;
			target = 7A1A1E912B570C0B00F4C98C /* ass1 */;
			targetProxy = 7A1A1EA92B570C0F00F4C98C /* PBXContainerItemProxy */;
		};
		7A1A1EB42B570C0F00F4C98C /* PBXTargetDependency */ = {
			isa = PBXTargetDependency;
			target = 7A1A1E912B570C0B00F4C98C /* ass1 */;
			targetProxy = 7A1A1EB32B570C0F00F4C98C /* PBXContainerItemProxy */;
		};
/* End PBXTargetDependency section */

/* Begin PBXVariantGroup section */
		7A1A1E9B2B570C0C00F4C98C /* Main.storyboard */ = {
			isa = PBXVariantGroup;
			children = (
				7A1A1E9C2B570C0C00F4C98C /* Base */,
			);
			name = Main.storyboard;
			sourceTree = "<group>";
		};
		7A1A1EA02B570C0E00F4C98C /* LaunchScreen.storyboard */ = {
			isa = PBXVariantGroup;
			children = (
				7A1A1EA12B570C0E00F4C98C /* Base */,
			);
			name = LaunchScreen.storyboard;
			sourceTree = "<group>";
		};
/* End PBXVariantGroup section */

/* Begin XCBuildConfiguration section */
		7A1A1EBA2B570C0F00F4C98C /* Debug */ = {
			isa = XCBuildConfiguration;
			buildSettings = {
				ALWAYS_SEARCH_USER_PATHS = NO;
				ASSETCATALOG_COMPILER_GENERATE_SWIFT_ASSET_SYMBOL_EXTENSIONS = YES;
				CLANG_ANALYZER_NONNULL = YES;
				CLANG_ANALYZER_NUMBER_OBJECT_CONVERSION = YES_AGGRESSIVE;
				CLANG_CXX_LANGUAGE_STANDARD = "gnu++20";
				CLANG_ENABLE_MODULES = YES;
				CLANG_ENABLE_OBJC_ARC = YES;
				CLANG_ENABLE_OBJC_WEAK = YES;
				CLANG_WARN_BLOCK_CAPTURE_AUTORELEASING = YES;
				CLANG_WARN_BOOL_CONVERSION = YES;
				CLANG_WARN_COMMA = YES;
				CLANG_WARN_CONSTANT_CONVERSION = YES;
				CLANG_WARN_DEPRECATED_OBJC_IMPLEMENTATIONS = YES;
				CLANG_WARN_DIRECT_OBJC_ISA_USAGE = YES_ERROR;
				CLANG_WARN_DOCUMENTATION_COMMENTS = YES;
				CLANG_WARN_EMPTY_BODY = YES;
				CLANG_WARN_ENUM_CONVERSION = YES;
				CLANG_WARN_INFINITE_RECURSION = YES;
				CLANG_WARN_INT_CONVERSION = YES;
				CLANG_WARN_NON_LITERAL_NULL_CONVERSION = YES;
				CLANG_WARN_OBJC_IMPLICIT_RETAIN_SELF = YES;
				CLANG_WARN_OBJC_LITERAL_CONVERSION = YES;
				CLANG_WARN_OBJC_ROOT_CLASS = YES_ERROR;
				CLANG_WARN_QUOTED_INCLUDE_IN_FRAMEWORK_HEADER = YES;
				CLANG_WARN_RANGE_LOOP_ANALYSIS = YES;
				CLANG_WARN_STRICT_PROTOTYPES = YES;
				CLANG_WARN_SUSPICIOUS_MOVE = YES;
				CLANG_WARN_UNGUARDED_AVAILABILITY = YES_AGGRESSIVE;
				CLANG_WARN_UNREACHABLE_CODE = YES;
				CLANG_WARN__DUPLICATE_METHOD_MATCH = YES;
				COPY_PHASE_STRIP = NO;
				DEBUG_INFORMATION_FORMAT = dwarf;
				ENABLE_STRICT_OBJC_MSGSEND = YES;
				ENABLE_TESTABILITY = YES;
				ENABLE_USER_SCRIPT_SANDBOXING = YES;
				GCC_C_LANGUAGE_STANDARD = gnu17;
				GCC_DYNAMIC_NO_PIC = NO;
				GCC_NO_COMMON_BLOCKS = YES;
				GCC_OPTIMIZATION_LEVEL = 0;
				GCC_PREPROCESSOR_DEFINITIONS = (
					"DEBUG=1",
					"$(inherited)",
				);
				GCC_WARN_64_TO_32_BIT_CONVERSION = YES;
				GCC_WARN_ABOUT_RETURN_TYPE = YES_ERROR;
				GCC_WARN_UNDECLARED_SELECTOR = YES;
				GCC_WARN_UNINITIALIZED_AUTOS = YES_AGGRESSIVE;
				GCC_WARN_UNUSED_FUNCTION = YES;
				GCC_WARN_UNUSED_VARIABLE = YES;
				IPHONEOS_DEPLOYMENT_TARGET = 17.2;
				LOCALIZATION_PREFERS_STRING_CATALOGS = YES;
				MTL_ENABLE_DEBUG_INFO = INCLUDE_SOURCE;
				MTL_FAST_MATH = YES;
				ONLY_ACTIVE_ARCH = YES;
				SDKROOT = iphoneos;
				SWIFT_ACTIVE_COMPILATION_CONDITIONS = "DEBUG $(inherited)";
				SWIFT_OPTIMIZATION_LEVEL = "-Onone";
			};
			name = Debug;
		};
		7A1A1EBB2B570C0F00F4C98C /* Release */ = {
			isa = XCBuildConfiguration;
			buildSettings = {
				ALWAYS_SEARCH_USER_PATHS = NO;
				ASSETCATALOG_COMPILER_GENERATE_SWIFT_ASSET_SYMBOL_EXTENSIONS = YES;
				CLANG_ANALYZER_NONNULL = YES;
				CLANG_ANALYZER_NUMBER_OBJECT_CONVERSION = YES_AGGRESSIVE;
				CLANG_CXX_LANGUAGE_STANDARD = "gnu++20";
				CLANG_ENABLE_MODULES = YES;
				CLANG_ENABLE_OBJC_ARC = YES;
				CLANG_ENABLE_OBJC_WEAK = YES;
				CLANG_WARN_BLOCK_CAPTURE_AUTORELEASING = YES;
				CLANG_WARN_BOOL_CONVERSION = YES;
				CLANG_WARN_COMMA = YES;
				CLANG_WARN_CONSTANT_CONVERSION = YES;
				CLANG_WARN_DEPRECATED_OBJC_IMPLEMENTATIONS = YES;
				CLANG_WARN_DIRECT_OBJC_ISA_USAGE = YES_ERROR;
				CLANG_WARN_DOCUMENTATION_COMMENTS = YES;
				CLANG_WARN_EMPTY_BODY = YES;
				CLANG_WARN_ENUM_CONVERSION = YES;
				CLANG_WARN_INFINITE_RECURSION = YES;
				CLANG_WARN_INT_CONVERSION = YES;
				CLANG_WARN_NON_LITERAL_NULL_CONVERSION = YES;
				CLANG_WARN_OBJC_IMPLICIT_RETAIN_SELF = YES;
				CLANG_WARN_OBJC_LITERAL_CONVERSION = YES;
				CLANG_WARN_OBJC_ROOT_CLASS = YES_ERROR;
				CLANG_WARN_QUOTED_INCLUDE_IN_FRAMEWORK_HEADER = YES;
				CLANG_WARN_RANGE_LOOP_ANALYSIS = YES;
				CLANG_WARN_STRICT_PROTOTYPES = YES;
				CLANG_WARN_SUSPICIOUS_MOVE = YES;
				CLANG_WARN_UNGUARDED_AVAILABILITY = YES_AGGRESSIVE;
				CLANG_WARN_UNREACHABLE_CODE = YES;
				CLANG_WARN__DUPLICATE_METHOD_MATCH = YES;
				COPY_PHASE_STRIP = NO;
				DEBUG_INFORMATION_FORMAT = "dwarf-with-dsym";
				ENABLE_NS_ASSERTIONS = NO;
				ENABLE_STRICT_OBJC_MSGSEND = YES;
				ENABLE_USER_SCRIPT_SANDBOXING = YES;
				GCC_C_LANGUAGE_STANDARD = gnu17;
				GCC_NO_COMMON_BLOCKS = YES;
				GCC_WARN_64_TO_32_BIT_CONVERSION = YES;
				GCC_WARN_ABOUT_RETURN_TYPE = YES_ERROR;
				GCC_WARN_UNDECLARED_SELECTOR = YES;
				GCC_WARN_UNINITIALIZED_AUTOS = YES_AGGRESSIVE;
				GCC_WARN_UNUSED_FUNCTION = YES;
				GCC_WARN_UNUSED_VARIABLE = YES;
				IPHONEOS_DEPLOYMENT_TARGET = 17.2;
				LOCALIZATION_PREFERS_STRING_CATALOGS = YES;
				MTL_ENABLE_DEBUG_INFO = NO;
				MTL_FAST_MATH = YES;
				SDKROOT = iphoneos;
				SWIFT_COMPILATION_MODE = wholemodule;
				VALIDATE_PRODUCT = YES;
			};
			name = Release;
		};
		7A1A1EBD2B570C0F00F4C98C /* Debug */ = {
			isa = XCBuildConfiguration;
			buildSettings = {
				ASSETCATALOG_COMPILER_APPICON_NAME = AppIcon;
				ASSETCATALOG_COMPILER_GLOBAL_ACCENT_COLOR_NAME = AccentColor;
				CODE_SIGN_STYLE = Automatic;
				CURRENT_PROJECT_VERSION = 1;
				GENERATE_INFOPLIST_FILE = YES;
				INFOPLIST_FILE = ass1/Info.plist;
				INFOPLIST_KEY_UIApplicationSupportsIndirectInputEvents = YES;
				INFOPLIST_KEY_UILaunchStoryboardName = LaunchScreen;
				INFOPLIST_KEY_UIMainStoryboardFile = Main;
				INFOPLIST_KEY_UISupportedInterfaceOrientations_iPad = "UIInterfaceOrientationPortrait UIInterfaceOrientationPortraitUpsideDown UIInterfaceOrientationLandscapeLeft UIInterfaceOrientationLandscapeRight";
				INFOPLIST_KEY_UISupportedInterfaceOrientations_iPhone = "UIInterfaceOrientationPortrait UIInterfaceOrientationLandscapeLeft UIInterfaceOrientationLandscapeRight";
				LD_RUNPATH_SEARCH_PATHS = (
					"$(inherited)",
					"@executable_path/Frameworks",
				);
				MARKETING_VERSION = 1.0;
				PRODUCT_BUNDLE_IDENTIFIER = mahesh.ass1;
				PRODUCT_NAME = "$(TARGET_NAME)";
				SWIFT_EMIT_LOC_STRINGS = YES;
				SWIFT_VERSION = 5.0;
				TARGETED_DEVICE_FAMILY = "1,2";
			};
			name = Debug;
		};
		7A1A1EBE2B570C0F00F4C98C /* Release */ = {
			isa = XCBuildConfiguration;
			buildSettings = {
				ASSETCATALOG_COMPILER_APPICON_NAME = AppIcon;
				ASSETCATALOG_COMPILER_GLOBAL_ACCENT_COLOR_NAME = AccentColor;
				CODE_SIGN_STYLE = Automatic;
				CURRENT_PROJECT_VERSION = 1;
				GENERATE_INFOPLIST_FILE = YES;
				INFOPLIST_FILE = ass1/Info.plist;
				INFOPLIST_KEY_UIApplicationSupportsIndirectInputEvents = YES;
				INFOPLIST_KEY_UILaunchStoryboardName = LaunchScreen;
				INFOPLIST_KEY_UIMainStoryboardFile = Main;
				INFOPLIST_KEY_UISupportedInterfaceOrientations_iPad = "UIInterfaceOrientationPortrait UIInterfaceOrientationPortraitUpsideDown UIInterfaceOrientationLandscapeLeft UIInterfaceOrientationLandscapeRight";
				INFOPLIST_KEY_UISupportedInterfaceOrientations_iPhone = "UIInterfaceOrientationPortrait UIInterfaceOrientationLandscapeLeft UIInterfaceOrientationLandscapeRight";
				LD_RUNPATH_SEARCH_PATHS = (
					"$(inherited)",
					"@executable_path/Frameworks",
				);
				MARKETING_VERSION = 1.0;
				PRODUCT_BUNDLE_IDENTIFIER = mahesh.ass1;
				PRODUCT_NAME = "$(TARGET_NAME)";
				SWIFT_EMIT_LOC_STRINGS = YES;
				SWIFT_VERSION = 5.0;
				TARGETED_DEVICE_FAMILY = "1,2";
			};
			name = Release;
		};
		7A1A1EC02B570C0F00F4C98C /* Debug */ = {
			isa = XCBuildConfiguration;
			buildSettings = {
				ALWAYS_EMBED_SWIFT_STANDARD_LIBRARIES = YES;
				BUNDLE_LOADER = "$(TEST_HOST)";
				CODE_SIGN_STYLE = Automatic;
				CURRENT_PROJECT_VERSION = 1;
				GENERATE_INFOPLIST_FILE = YES;
				IPHONEOS_DEPLOYMENT_TARGET = 17.2;
				MARKETING_VERSION = 1.0;
				PRODUCT_BUNDLE_IDENTIFIER = mahesh.ass1Tests;
				PRODUCT_NAME = "$(TARGET_NAME)";
				SWIFT_EMIT_LOC_STRINGS = NO;
				SWIFT_VERSION = 5.0;
				TARGETED_DEVICE_FAMILY = "1,2";
				TEST_HOST = "$(BUILT_PRODUCTS_DIR)/ass1.app/$(BUNDLE_EXECUTABLE_FOLDER_PATH)/ass1";
			};
			name = Debug;
		};
		7A1A1EC12B570C0F00F4C98C /* Release */ = {
			isa = XCBuildConfiguration;
			buildSettings = {
				ALWAYS_EMBED_SWIFT_STANDARD_LIBRARIES = YES;
				BUNDLE_LOADER = "$(TEST_HOST)";
				CODE_SIGN_STYLE = Automatic;
				CURRENT_PROJECT_VERSION = 1;
				GENERATE_INFOPLIST_FILE = YES;
				IPHONEOS_DEPLOYMENT_TARGET = 17.2;
				MARKETING_VERSION = 1.0;
				PRODUCT_BUNDLE_IDENTIFIER = mahesh.ass1Tests;
				PRODUCT_NAME = "$(TARGET_NAME)";
				SWIFT_EMIT_LOC_STRINGS = NO;
				SWIFT_VERSION = 5.0;
				TARGETED_DEVICE_FAMILY = "1,2";
				TEST_HOST = "$(BUILT_PRODUCTS_DIR)/ass1.app/$(BUNDLE_EXECUTABLE_FOLDER_PATH)/ass1";
			};
			name = Release;
		};
		7A1A1EC32B570C0F00F4C98C /* Debug */ = {
			isa = XCBuildConfiguration;
			buildSettings = {
				ALWAYS_EMBED_SWIFT_STANDARD_LIBRARIES = YES;
				CODE_SIGN_STYLE = Automatic;
				CURRENT_PROJECT_VERSION = 1;
				GENERATE_INFOPLIST_FILE = YES;
				MARKETING_VERSION = 1.0;
				PRODUCT_BUNDLE_IDENTIFIER = mahesh.ass1UITests;
				PRODUCT_NAME = "$(TARGET_NAME)";
				SWIFT_EMIT_LOC_STRINGS = NO;
				SWIFT_VERSION = 5.0;
				TARGETED_DEVICE_FAMILY = "1,2";
				TEST_TARGET_NAME = ass1;
			};
			name = Debug;
		};
		7A1A1EC42B570C0F00F4C98C /* Release */ = {
			isa = XCBuildConfiguration;
			buildSettings = {
				ALWAYS_EMBED_SWIFT_STANDARD_LIBRARIES = YES;
				CODE_SIGN_STYLE = Automatic;
				CURRENT_PROJECT_VERSION = 1;
				GENERATE_INFOPLIST_FILE = YES;
				MARKETING_VERSION = 1.0;
				PRODUCT_BUNDLE_IDENTIFIER = mahesh.ass1UITests;
				PRODUCT_NAME = "$(TARGET_NAME)";
				SWIFT_EMIT_LOC_STRINGS = NO;
				SWIFT_VERSION = 5.0;
				TARGETED_DEVICE_FAMILY = "1,2";
				TEST_TARGET_NAME = ass1;
			};
			name = Release;
		};
/* End XCBuildConfiguration section */

/* Begin XCConfigurationList section */
		7A1A1E8D2B570C0B00F4C98C /* Build configuration list for PBXProject "ass1" */ = {
			isa = XCConfigurationList;
			buildConfigurations = (
				7A1A1EBA2B570C0F00F4C98C /* Debug */,
				7A1A1EBB2B570C0F00F4C98C /* Release */,
			);
			defaultConfigurationIsVisible = 0;
			defaultConfigurationName = Release;
		};
		7A1A1EBC2B570C0F00F4C98C /* Build configuration list for PBXNativeTarget "ass1" */ = {
			isa = XCConfigurationList;
			buildConfigurations = (
				7A1A1EBD2B570C0F00F4C98C /* Debug */,
				7A1A1EBE2B570C0F00F4C98C /* Release */,
			);
			defaultConfigurationIsVisible = 0;
			defaultConfigurationName = Release;
		};
		7A1A1EBF2B570C0F00F4C98C /* Build configuration list for PBXNativeTarget "ass1Tests" */ = {
			isa = XCConfigurationList;
			buildConfigurations = (
				7A1A1EC02B570C0F00F4C98C /* Debug */,
				7A1A1EC12B570C0F00F4C98C /* Release */,
			);
			defaultConfigurationIsVisible = 0;
			defaultConfigurationName = Release;
		};
		7A1A1EC22B570C0F00F4C98C /* Build configuration list for PBXNativeTarget "ass1UITests" */ = {
			isa = XCConfigurationList;
			buildConfigurations = (
				7A1A1EC32B570C0F00F4C98C /* Debug */,
				7A1A1EC42B570C0F00F4C98C /* Release */,
			);
			defaultConfigurationIsVisible = 0;
			defaultConfigurationName = Release;
		};
/* End XCConfigurationList section */
	};
	rootObject = 7A1A1E8A2B570C0B00F4C98C /* Project object */;
}
